// !$*UTF8*$!
{
	archiveVersion = 1;
	classes = {
	};
	objectVersion = 48;
	objects = {

/* Begin PBXBuildFile section */
		067E8334203D72FE00FA9C35 /* AppDelegate.swift in Sources */ = {isa = PBXBuildFile; fileRef = 067E8333203D72FE00FA9C35 /* AppDelegate.swift */; };
		067E8336203D72FE00FA9C35 /* ViewController.swift in Sources */ = {isa = PBXBuildFile; fileRef = 067E8335203D72FE00FA9C35 /* ViewController.swift */; };
		067E8339203D72FE00FA9C35 /* Main.storyboard in Resources */ = {isa = PBXBuildFile; fileRef = 067E8337203D72FE00FA9C35 /* Main.storyboard */; };
		067E833B203D72FE00FA9C35 /* Assets.xcassets in Resources */ = {isa = PBXBuildFile; fileRef = 067E833A203D72FE00FA9C35 /* Assets.xcassets */; };
		067E833E203D72FE00FA9C35 /* LaunchScreen.storyboard in Resources */ = {isa = PBXBuildFile; fileRef = 067E833C203D72FE00FA9C35 /* LaunchScreen.storyboard */; };
		067E8349203D72FE00FA9C35 /* bluetoothScannerTests.swift in Sources */ = {isa = PBXBuildFile; fileRef = 067E8348203D72FE00FA9C35 /* bluetoothScannerTests.swift */; };
		067E8354203D72FF00FA9C35 /* bluetoothScannerUITests.swift in Sources */ = {isa = PBXBuildFile; fileRef = 067E8353203D72FF00FA9C35 /* bluetoothScannerUITests.swift */; };
/* End PBXBuildFile section */

/* Begin PBXContainerItemProxy section */
		067E8345203D72FE00FA9C35 /* PBXContainerItemProxy */ = {
			isa = PBXContainerItemProxy;
			containerPortal = 067E8328203D72FE00FA9C35 /* Project object */;
			proxyType = 1;
			remoteGlobalIDString = 067E832F203D72FE00FA9C35;
			remoteInfo = bluetoothScanner;
		};
		067E8350203D72FF00FA9C35 /* PBXContainerItemProxy */ = {
			isa = PBXContainerItemProxy;
			containerPortal = 067E8328203D72FE00FA9C35 /* Project object */;
			proxyType = 1;
			remoteGlobalIDString = 067E832F203D72FE00FA9C35;
			remoteInfo = bluetoothScanner;
		};
/* End PBXContainerItemProxy section */

/* Begin PBXFileReference section */
		067E8330203D72FE00FA9C35 /* bluetoothScanner.app */ = {isa = PBXFileReference; explicitFileType = wrapper.application; includeInIndex = 0; path = bluetoothScanner.app; sourceTree = BUILT_PRODUCTS_DIR; };
		067E8333203D72FE00FA9C35 /* AppDelegate.swift */ = {isa = PBXFileReference; lastKnownFileType = sourcecode.swift; path = AppDelegate.swift; sourceTree = "<group>"; };
		067E8335203D72FE00FA9C35 /* ViewController.swift */ = {isa = PBXFileReference; lastKnownFileType = sourcecode.swift; path = ViewController.swift; sourceTree = "<group>"; };
		067E8338203D72FE00FA9C35 /* Base */ = {isa = PBXFileReference; lastKnownFileType = file.storyboard; name = Base; path = Base.lproj/Main.storyboard; sourceTree = "<group>"; };
		067E833A203D72FE00FA9C35 /* Assets.xcassets */ = {isa = PBXFileReference; lastKnownFileType = folder.assetcatalog; path = Assets.xcassets; sourceTree = "<group>"; };
		067E833D203D72FE00FA9C35 /* Base */ = {isa = PBXFileReference; lastKnownFileType = file.storyboard; name = Base; path = Base.lproj/LaunchScreen.storyboard; sourceTree = "<group>"; };
		067E833F203D72FE00FA9C35 /* Info.plist */ = {isa = PBXFileReference; lastKnownFileType = text.plist.xml; path = Info.plist; sourceTree = "<group>"; };
		067E8344203D72FE00FA9C35 /* bluetoothScannerTests.xctest */ = {isa = PBXFileReference; explicitFileType = wrapper.cfbundle; includeInIndex = 0; path = bluetoothScannerTests.xctest; sourceTree = BUILT_PRODUCTS_DIR; };
		067E8348203D72FE00FA9C35 /* bluetoothScannerTests.swift */ = {isa = PBXFileReference; lastKnownFileType = sourcecode.swift; path = bluetoothScannerTests.swift; sourceTree = "<group>"; };
		067E834A203D72FE00FA9C35 /* Info.plist */ = {isa = PBXFileReference; lastKnownFileType = text.plist.xml; path = Info.plist; sourceTree = "<group>"; };
		067E834F203D72FF00FA9C35 /* bluetoothScannerUITests.xctest */ = {isa = PBXFileReference; explicitFileType = wrapper.cfbundle; includeInIndex = 0; path = bluetoothScannerUITests.xctest; sourceTree = BUILT_PRODUCTS_DIR; };
		067E8353203D72FF00FA9C35 /* bluetoothScannerUITests.swift */ = {isa = PBXFileReference; lastKnownFileType = sourcecode.swift; path = bluetoothScannerUITests.swift; sourceTree = "<group>"; };
		067E8355203D72FF00FA9C35 /* Info.plist */ = {isa = PBXFileReference; lastKnownFileType = text.plist.xml; path = Info.plist; sourceTree = "<group>"; };
/* End PBXFileReference section */

/* Begin PBXFrameworksBuildPhase section */
		067E832D203D72FE00FA9C35 /* Frameworks */ = {
			isa = PBXFrameworksBuildPhase;
			buildActionMask = 2147483647;
			files = (
			);
			runOnlyForDeploymentPostprocessing = 0;
		};
		067E8341203D72FE00FA9C35 /* Frameworks */ = {
			isa = PBXFrameworksBuildPhase;
			buildActionMask = 2147483647;
			files = (
			);
			runOnlyForDeploymentPostprocessing = 0;
		};
		067E834C203D72FF00FA9C35 /* Frameworks */ = {
			isa = PBXFrameworksBuildPhase;
			buildActionMask = 2147483647;
			files = (
			);
			runOnlyForDeploymentPostprocessing = 0;
		};
/* End PBXFrameworksBuildPhase section */

/* Begin PBXGroup section */
		067E8327203D72FE00FA9C35 = {
			isa = PBXGroup;
			children = (
				067E8332203D72FE00FA9C35 /* bluetoothScanner */,
				067E8347203D72FE00FA9C35 /* bluetoothScannerTests */,
				067E8352203D72FF00FA9C35 /* bluetoothScannerUITests */,
				067E8331203D72FE00FA9C35 /* Products */,
			);
			sourceTree = "<group>";
		};
		067E8331203D72FE00FA9C35 /* Products */ = {
			isa = PBXGroup;
			children = (
				067E8330203D72FE00FA9C35 /* bluetoothScanner.app */,
				067E8344203D72FE00FA9C35 /* bluetoothScannerTests.xctest */,
				067E834F203D72FF00FA9C35 /* bluetoothScannerUITests.xctest */,
			);
			name = Products;
			sourceTree = "<group>";
		};
		067E8332203D72FE00FA9C35 /* bluetoothScanner */ = {
			isa = PBXGroup;
			children = (
				067E8333203D72FE00FA9C35 /* AppDelegate.swift */,
				067E8335203D72FE00FA9C35 /* ViewController.swift */,
				067E8337203D72FE00FA9C35 /* Main.storyboard */,
				067E833A203D72FE00FA9C35 /* Assets.xcassets */,
				067E833C203D72FE00FA9C35 /* LaunchScreen.storyboard */,
				067E833F203D72FE00FA9C35 /* Info.plist */,
			);
			path = bluetoothScanner;
			sourceTree = "<group>";
		};
		067E8347203D72FE00FA9C35 /* bluetoothScannerTests */ = {
			isa = PBXGroup;
			children = (
				067E8348203D72FE00FA9C35 /* bluetoothScannerTests.swift */,
				067E834A203D72FE00FA9C35 /* Info.plist */,
			);
			path = bluetoothScannerTests;
			sourceTree = "<group>";
		};
		067E8352203D72FF00FA9C35 /* bluetoothScannerUITests */ = {
			isa = PBXGroup;
			children = (
				067E8353203D72FF00FA9C35 /* bluetoothScannerUITests.swift */,
				067E8355203D72FF00FA9C35 /* Info.plist */,
			);
			path = bluetoothScannerUITests;
			sourceTree = "<group>";
		};
/* End PBXGroup section */

/* Begin PBXNativeTarget section */
		067E832F203D72FE00FA9C35 /* bluetoothScanner */ = {
			isa = PBXNativeTarget;
			buildConfigurationList = 067E8358203D72FF00FA9C35 /* Build configuration list for PBXNativeTarget "bluetoothScanner" */;
			buildPhases = (
				067E832C203D72FE00FA9C35 /* Sources */,
				067E832D203D72FE00FA9C35 /* Frameworks */,
				067E832E203D72FE00FA9C35 /* Resources */,
			);
			buildRules = (
			);
			dependencies = (
			);
			name = bluetoothScanner;
			productName = bluetoothScanner;
			productReference = 067E8330203D72FE00FA9C35 /* bluetoothScanner.app */;
			productType = "com.apple.product-type.application";
		};
		067E8343203D72FE00FA9C35 /* bluetoothScannerTests */ = {
			isa = PBXNativeTarget;
			buildConfigurationList = 067E835B203D72FF00FA9C35 /* Build configuration list for PBXNativeTarget "bluetoothScannerTests" */;
			buildPhases = (
				067E8340203D72FE00FA9C35 /* Sources */,
				067E8341203D72FE00FA9C35 /* Frameworks */,
				067E8342203D72FE00FA9C35 /* Resources */,
			);
			buildRules = (
			);
			dependencies = (
				067E8346203D72FE00FA9C35 /* PBXTargetDependency */,
			);
			name = bluetoothScannerTests;
			productName = bluetoothScannerTests;
			productReference = 067E8344203D72FE00FA9C35 /* bluetoothScannerTests.xctest */;
			productType = "com.apple.product-type.bundle.unit-test";
		};
		067E834E203D72FF00FA9C35 /* bluetoothScannerUITests */ = {
			isa = PBXNativeTarget;
			buildConfigurationList = 067E835E203D72FF00FA9C35 /* Build configuration list for PBXNativeTarget "bluetoothScannerUITests" */;
			buildPhases = (
				067E834B203D72FF00FA9C35 /* Sources */,
				067E834C203D72FF00FA9C35 /* Frameworks */,
				067E834D203D72FF00FA9C35 /* Resources */,
			);
			buildRules = (
			);
			dependencies = (
				067E8351203D72FF00FA9C35 /* PBXTargetDependency */,
			);
			name = bluetoothScannerUITests;
			productName = bluetoothScannerUITests;
			productReference = 067E834F203D72FF00FA9C35 /* bluetoothScannerUITests.xctest */;
			productType = "com.apple.product-type.bundle.ui-testing";
		};
/* End PBXNativeTarget section */

/* Begin PBXProject section */
		067E8328203D72FE00FA9C35 /* Project object */ = {
			isa = PBXProject;
			attributes = {
				LastSwiftUpdateCheck = 0920;
				LastUpgradeCheck = 0920;
				ORGANIZATIONNAME = yusuke;
				TargetAttributes = {
					067E832F203D72FE00FA9C35 = {
						CreatedOnToolsVersion = 9.2;
						ProvisioningStyle = Automatic;
					};
					067E8343203D72FE00FA9C35 = {
						CreatedOnToolsVersion = 9.2;
						ProvisioningStyle = Automatic;
						TestTargetID = 067E832F203D72FE00FA9C35;
					};
					067E834E203D72FF00FA9C35 = {
						CreatedOnToolsVersion = 9.2;
						ProvisioningStyle = Automatic;
						TestTargetID = 067E832F203D72FE00FA9C35;
					};
				};
			};
			buildConfigurationList = 067E832B203D72FE00FA9C35 /* Build configuration list for PBXProject "bluetoothScanner" */;
			compatibilityVersion = "Xcode 8.0";
			developmentRegion = en;
			hasScannedForEncodings = 0;
			knownRegions = (
				en,
				Base,
			);
			mainGroup = 067E8327203D72FE00FA9C35;
			productRefGroup = 067E8331203D72FE00FA9C35 /* Products */;
			projectDirPath = "";
			projectRoot = "";
			targets = (
				067E832F203D72FE00FA9C35 /* bluetoothScanner */,
				067E8343203D72FE00FA9C35 /* bluetoothScannerTests */,
				067E834E203D72FF00FA9C35 /* bluetoothScannerUITests */,
			);
		};
/* End PBXProject section */

/* Begin PBXResourcesBuildPhase section */
		067E832E203D72FE00FA9C35 /* Resources */ = {
			isa = PBXResourcesBuildPhase;
			buildActionMask = 2147483647;
			files = (
				067E833E203D72FE00FA9C35 /* LaunchScreen.storyboard in Resources */,
				067E833B203D72FE00FA9C35 /* Assets.xcassets in Resources */,
				067E8339203D72FE00FA9C35 /* Main.storyboard in Resources */,
			);
			runOnlyForDeploymentPostprocessing = 0;
		};
		067E8342203D72FE00FA9C35 /* Resources */ = {
			isa = PBXResourcesBuildPhase;
			buildActionMask = 2147483647;
			files = (
			);
			runOnlyForDeploymentPostprocessing = 0;
		};
		067E834D203D72FF00FA9C35 /* Resources */ = {
			isa = PBXResourcesBuildPhase;
			buildActionMask = 2147483647;
			files = (
			);
			runOnlyForDeploymentPostprocessing = 0;
		};
/* End PBXResourcesBuildPhase section */

/* Begin PBXSourcesBuildPhase section */
		067E832C203D72FE00FA9C35 /* Sources */ = {
			isa = PBXSourcesBuildPhase;
			buildActionMask = 2147483647;
			files = (
				067E8336203D72FE00FA9C35 /* ViewController.swift in Sources */,
				067E8334203D72FE00FA9C35 /* AppDelegate.swift in Sources */,
			);
			runOnlyForDeploymentPostprocessing = 0;
		};
		067E8340203D72FE00FA9C35 /* Sources */ = {
			isa = PBXSourcesBuildPhase;
			buildActionMask = 2147483647;
			files = (
				067E8349203D72FE00FA9C35 /* bluetoothScannerTests.swift in Sources */,
			);
			runOnlyForDeploymentPostprocessing = 0;
		};
		067E834B203D72FF00FA9C35 /* Sources */ = {
			isa = PBXSourcesBuildPhase;
			buildActionMask = 2147483647;
			files = (
				067E8354203D72FF00FA9C35 /* bluetoothScannerUITests.swift in Sources */,
			);
			runOnlyForDeploymentPostprocessing = 0;
		};
/* End PBXSourcesBuildPhase section */

/* Begin PBXTargetDependency section */
		067E8346203D72FE00FA9C35 /* PBXTargetDependency */ = {
			isa = PBXTargetDependency;
			target = 067E832F203D72FE00FA9C35 /* bluetoothScanner */;
			targetProxy = 067E8345203D72FE00FA9C35 /* PBXContainerItemProxy */;
		};
		067E8351203D72FF00FA9C35 /* PBXTargetDependency */ = {
			isa = PBXTargetDependency;
			target = 067E832F203D72FE00FA9C35 /* bluetoothScanner */;
			targetProxy = 067E8350203D72FF00FA9C35 /* PBXContainerItemProxy */;
		};
/* End PBXTargetDependency section */

/* Begin PBXVariantGroup section */
		067E8337203D72FE00FA9C35 /* Main.storyboard */ = {
			isa = PBXVariantGroup;
			children = (
				067E8338203D72FE00FA9C35 /* Base */,
			);
			name = Main.storyboard;
			sourceTree = "<group>";
		};
		067E833C203D72FE00FA9C35 /* LaunchScreen.storyboard */ = {
			isa = PBXVariantGroup;
			children = (
				067E833D203D72FE00FA9C35 /* Base */,
			);
			name = LaunchScreen.storyboard;
			sourceTree = "<group>";
		};
/* End PBXVariantGroup section */

/* Begin XCBuildConfiguration section */
		067E8356203D72FF00FA9C35 /* Debug */ = {
			isa = XCBuildConfiguration;
			buildSettings = {
				ALWAYS_SEARCH_USER_PATHS = NO;
				CLANG_ANALYZER_NONNULL = YES;
				CLANG_ANALYZER_NUMBER_OBJECT_CONVERSION = YES_AGGRESSIVE;
				CLANG_CXX_LANGUAGE_STANDARD = "gnu++14";
				CLANG_CXX_LIBRARY = "libc++";
				CLANG_ENABLE_MODULES = YES;
				CLANG_ENABLE_OBJC_ARC = YES;
				CLANG_WARN_BLOCK_CAPTURE_AUTORELEASING = YES;
				CLANG_WARN_BOOL_CONVERSION = YES;
				CLANG_WARN_COMMA = YES;
				CLANG_WARN_CONSTANT_CONVERSION = YES;
				CLANG_WARN_DIRECT_OBJC_ISA_USAGE = YES_ERROR;
				CLANG_WARN_DOCUMENTATION_COMMENTS = YES;
				CLANG_WARN_EMPTY_BODY = YES;
				CLANG_WARN_ENUM_CONVERSION = YES;
				CLANG_WARN_INFINITE_RECURSION = YES;
				CLANG_WARN_INT_CONVERSION = YES;
				CLANG_WARN_NON_LITERAL_NULL_CONVERSION = YES;
				CLANG_WARN_OBJC_LITERAL_CONVERSION = YES;
				CLANG_WARN_OBJC_ROOT_CLASS = YES_ERROR;
				CLANG_WARN_RANGE_LOOP_ANALYSIS = YES;
				CLANG_WARN_STRICT_PROTOTYPES = YES;
				CLANG_WARN_SUSPICIOUS_MOVE = YES;
				CLANG_WARN_UNGUARDED_AVAILABILITY = YES_AGGRESSIVE;
				CLANG_WARN_UNREACHABLE_CODE = YES;
				CLANG_WARN__DUPLICATE_METHOD_MATCH = YES;
				CODE_SIGN_IDENTITY = "iPhone Developer";
				COPY_PHASE_STRIP = NO;
				DEBUG_INFORMATION_FORMAT = dwarf;
				ENABLE_STRICT_OBJC_MSGSEND = YES;
				ENABLE_TESTABILITY = YES;
				GCC_C_LANGUAGE_STANDARD = gnu11;
				GCC_DYNAMIC_NO_PIC = NO;
				GCC_NO_COMMON_BLOCKS = YES;
				GCC_OPTIMIZATION_LEVEL = 0;
				GCC_PREPROCESSOR_DEFINITIONS = (
					"DEBUG=1",
					"$(inherited)",
				);
				GCC_WARN_64_TO_32_BIT_CONVERSION = YES;
				GCC_WARN_ABOUT_RETURN_TYPE = YES_ERROR;
				GCC_WARN_UNDECLARED_SELECTOR = YES;
				GCC_WARN_UNINITIALIZED_AUTOS = YES_AGGRESSIVE;
				GCC_WARN_UNUSED_FUNCTION = YES;
				GCC_WARN_UNUSED_VARIABLE = YES;
				IPHONEOS_DEPLOYMENT_TARGET = 11.2;
				MTL_ENABLE_DEBUG_INFO = YES;
				ONLY_ACTIVE_ARCH = YES;
				SDKROOT = iphoneos;
				SWIFT_ACTIVE_COMPILATION_CONDITIONS = DEBUG;
				SWIFT_OPTIMIZATION_LEVEL = "-Onone";
			};
			name = Debug;
		};
		067E8357203D72FF00FA9C35 /* Release */ = {
			isa = XCBuildConfiguration;
			buildSettings = {
				ALWAYS_SEARCH_USER_PATHS = NO;
				CLANG_ANALYZER_NONNULL = YES;
				CLANG_ANALYZER_NUMBER_OBJECT_CONVERSION = YES_AGGRESSIVE;
				CLANG_CXX_LANGUAGE_STANDARD = "gnu++14";
				CLANG_CXX_LIBRARY = "libc++";
				CLANG_ENABLE_MODULES = YES;
				CLANG_ENABLE_OBJC_ARC = YES;
				CLANG_WARN_BLOCK_CAPTURE_AUTORELEASING = YES;
				CLANG_WARN_BOOL_CONVERSION = YES;
				CLANG_WARN_COMMA = YES;
				CLANG_WARN_CONSTANT_CONVERSION = YES;
				CLANG_WARN_DIRECT_OBJC_ISA_USAGE = YES_ERROR;
				CLANG_WARN_DOCUMENTATION_COMMENTS = YES;
				CLANG_WARN_EMPTY_BODY = YES;
				CLANG_WARN_ENUM_CONVERSION = YES;
				CLANG_WARN_INFINITE_RECURSION = YES;
				CLANG_WARN_INT_CONVERSION = YES;
				CLANG_WARN_NON_LITERAL_NULL_CONVERSION = YES;
				CLANG_WARN_OBJC_LITERAL_CONVERSION = YES;
				CLANG_WARN_OBJC_ROOT_CLASS = YES_ERROR;
				CLANG_WARN_RANGE_LOOP_ANALYSIS = YES;
				CLANG_WARN_STRICT_PROTOTYPES = YES;
				CLANG_WARN_SUSPICIOUS_MOVE = YES;
				CLANG_WARN_UNGUARDED_AVAILABILITY = YES_AGGRESSIVE;
				CLANG_WARN_UNREACHABLE_CODE = YES;
				CLANG_WARN__DUPLICATE_METHOD_MATCH = YES;
				CODE_SIGN_IDENTITY = "iPhone Developer";
				COPY_PHASE_STRIP = NO;
				DEBUG_INFORMATION_FORMAT = "dwarf-with-dsym";
				ENABLE_NS_ASSERTIONS = NO;
				ENABLE_STRICT_OBJC_MSGSEND = YES;
				GCC_C_LANGUAGE_STANDARD = gnu11;
				GCC_NO_COMMON_BLOCKS = YES;
				GCC_WARN_64_TO_32_BIT_CONVERSION = YES;
				GCC_WARN_ABOUT_RETURN_TYPE = YES_ERROR;
				GCC_WARN_UNDECLARED_SELECTOR = YES;
				GCC_WARN_UNINITIALIZED_AUTOS = YES_AGGRESSIVE;
				GCC_WARN_UNUSED_FUNCTION = YES;
				GCC_WARN_UNUSED_VARIABLE = YES;
				IPHONEOS_DEPLOYMENT_TARGET = 11.2;
				MTL_ENABLE_DEBUG_INFO = NO;
				SDKROOT = iphoneos;
				SWIFT_OPTIMIZATION_LEVEL = "-Owholemodule";
				VALIDATE_PRODUCT = YES;
			};
			name = Release;
		};
		067E8359203D72FF00FA9C35 /* Debug */ = {
			isa = XCBuildConfiguration;
			buildSettings = {
				ASSETCATALOG_COMPILER_APPICON_NAME = AppIcon;
				CODE_SIGN_STYLE = Automatic;
				INFOPLIST_FILE = bluetoothScanner/Info.plist;
				LD_RUNPATH_SEARCH_PATHS = "$(inherited) @executable_path/Frameworks";
				PRODUCT_BUNDLE_IDENTIFIER = com.yusukefukuhara.bluetoothScanner;
				PRODUCT_NAME = "$(TARGET_NAME)";
				SWIFT_VERSION = 4.0;
				TARGETED_DEVICE_FAMILY = "1,2";
			};
			name = Debug;
		};
		067E835A203D72FF00FA9C35 /* Release */ = {
			isa = XCBuildConfiguration;
			buildSettings = {
				ASSETCATALOG_COMPILER_APPICON_NAME = AppIcon;
				CODE_SIGN_STYLE = Automatic;
				INFOPLIST_FILE = bluetoothScanner/Info.plist;
				LD_RUNPATH_SEARCH_PATHS = "$(inherited) @executable_path/Frameworks";
				PRODUCT_BUNDLE_IDENTIFIER = com.yusukefukuhara.bluetoothScanner;
				PRODUCT_NAME = "$(TARGET_NAME)";
				SWIFT_VERSION = 4.0;
				TARGETED_DEVICE_FAMILY = "1,2";
			};
			name = Release;
		};
		067E835C203D72FF00FA9C35 /* Debug */ = {
			isa = XCBuildConfiguration;
			buildSettings = {
				ALWAYS_EMBED_SWIFT_STANDARD_LIBRARIES = YES;
				BUNDLE_LOADER = "$(TEST_HOST)";
				CODE_SIGN_STYLE = Automatic;
				INFOPLIST_FILE = bluetoothScannerTests/Info.plist;
				LD_RUNPATH_SEARCH_PATHS = "$(inherited) @executable_path/Frameworks @loader_path/Frameworks";
				PRODUCT_BUNDLE_IDENTIFIER = com.yusukefukuhara.bluetoothScannerTests;
				PRODUCT_NAME = "$(TARGET_NAME)";
				SWIFT_VERSION = 4.0;
				TARGETED_DEVICE_FAMILY = "1,2";
				TEST_HOST = "$(BUILT_PRODUCTS_DIR)/bluetoothScanner.app/bluetoothScanner";
			};
			name = Debug;
		};
		067E835D203D72FF00FA9C35 /* Release */ = {
			isa = XCBuildConfiguration;
			buildSettings = {
				ALWAYS_EMBED_SWIFT_STANDARD_LIBRARIES = YES;
				BUNDLE_LOADER = "$(TEST_HOST)";
				CODE_SIGN_STYLE = Automatic;
				INFOPLIST_FILE = bluetoothScannerTests/Info.plist;
				LD_RUNPATH_SEARCH_PATHS = "$(inherited) @executable_path/Frameworks @loader_path/Frameworks";
				PRODUCT_BUNDLE_IDENTIFIER = com.yusukefukuhara.bluetoothScannerTests;
				PRODUCT_NAME = "$(TARGET_NAME)";
				SWIFT_VERSION = 4.0;
				TARGETED_DEVICE_FAMILY = "1,2";
				TEST_HOST = "$(BUILT_PRODUCTS_DIR)/bluetoothScanner.app/bluetoothScanner";
			};
			name = Release;
		};
		067E835F203D72FF00FA9C35 /* Debug */ = {
			isa = XCBuildConfiguration;
			buildSettings = {
				ALWAYS_EMBED_SWIFT_STANDARD_LIBRARIES = YES;
				CODE_SIGN_STYLE = Automatic;
				INFOPLIST_FILE = bluetoothScannerUITests/Info.plist;
				LD_RUNPATH_SEARCH_PATHS = "$(inherited) @executable_path/Frameworks @loader_path/Frameworks";
				PRODUCT_BUNDLE_IDENTIFIER = com.yusukefukuhara.bluetoothScannerUITests;
				PRODUCT_NAME = "$(TARGET_NAME)";
				SWIFT_VERSION = 4.0;
				TARGETED_DEVICE_FAMILY = "1,2";
				TEST_TARGET_NAME = bluetoothScanner;
			};
			name = Debug;
		};
		067E8360203D72FF00FA9C35 /* Release */ = {
			isa = XCBuildConfiguration;
			buildSettings = {
				ALWAYS_EMBED_SWIFT_STANDARD_LIBRARIES = YES;
				CODE_SIGN_STYLE = Automatic;
				INFOPLIST_FILE = bluetoothScannerUITests/Info.plist;
				LD_RUNPATH_SEARCH_PATHS = "$(inherited) @executable_path/Frameworks @loader_path/Frameworks";
				PRODUCT_BUNDLE_IDENTIFIER = com.yusukefukuhara.bluetoothScannerUITests;
				PRODUCT_NAME = "$(TARGET_NAME)";
				SWIFT_VERSION = 4.0;
				TARGETED_DEVICE_FAMILY = "1,2";
				TEST_TARGET_NAME = bluetoothScanner;
			};
			name = Release;
		};
/* End XCBuildConfiguration section */

/* Begin XCConfigurationList section */
		067E832B203D72FE00FA9C35 /* Build configuration list for PBXProject "bluetoothScanner" */ = {
			isa = XCConfigurationList;
			buildConfigurations = (
				067E8356203D72FF00FA9C35 /* Debug */,
				067E8357203D72FF00FA9C35 /* Release */,
			);
			defaultConfigurationIsVisible = 0;
			defaultConfigurationName = Release;
		};
		067E8358203D72FF00FA9C35 /* Build configuration list for PBXNativeTarget "bluetoothScanner" */ = {
			isa = XCConfigurationList;
			buildConfigurations = (
				067E8359203D72FF00FA9C35 /* Debug */,
				067E835A203D72FF00FA9C35 /* Release */,
			);
			defaultConfigurationIsVisible = 0;
			defaultConfigurationName = Release;
		};
		067E835B203D72FF00FA9C35 /* Build configuration list for PBXNativeTarget "bluetoothScannerTests" */ = {
			isa = XCConfigurationList;
			buildConfigurations = (
				067E835C203D72FF00FA9C35 /* Debug */,
				067E835D203D72FF00FA9C35 /* Release */,
			);
			defaultConfigurationIsVisible = 0;
			defaultConfigurationName = Release;
		};
		067E835E203D72FF00FA9C35 /* Build configuration list for PBXNativeTarget "bluetoothScannerUITests" */ = {
			isa = XCConfigurationList;
			buildConfigurations = (
				067E835F203D72FF00FA9C35 /* Debug */,
				067E8360203D72FF00FA9C35 /* Release */,
			);
			defaultConfigurationIsVisible = 0;
			defaultConfigurationName = Release;
		};
/* End XCConfigurationList section */
	};
	rootObject = 067E8328203D72FE00FA9C35 /* Project object */;
}
